Microsoft Visual Studio Solution File, Format Version 11.00
# Visual Studio 2010
Project("{E097FAD1-6243-4DAD-9C02-E9B9EFC3FFC1}") = "Assembly-CSharp", "Assembly-CSharp.csproj", "{7F702BEE-BA74-0D35-D4AE-1C2A5258A3B8}"
EndProject
Project("{E097FAD1-6243-4DAD-9C02-E9B9EFC3FFC1}") = "Assembly-CSharp-Editor", "Assembly-CSharp-Editor.csproj", "{B4E21F26-5182-531D-9E91-F0D990697845}"
EndProject
Project("{E097FAD1-6243-4DAD-9C02-E9B9EFC3FFC1}") = "Assembly-CSharp-Editor-firstpass", "Assembly-CSharp-Editor-firstpass.csproj", "{DDFE7B7C-ED47-A8ED-2744-384D89433C33}"
EndProject
Global
	GlobalSection(SolutionConfigurationPlatforms) = preSolution
		Debug|Any CPU = Debug|Any CPU
		Release|Any CPU = Release|Any CPU
	EndGlobalSection
	GlobalSection(ProjectConfigurationPlatforms) = postSolution
		{7F702BEE-BA74-0D35-D4AE-1C2A5258A3B8}.Debug|Any CPU.ActiveCfg = Debug|Any CPU
		{7F702BEE-BA74-0D35-D4AE-1C2A5258A3B8}.Debug|Any CPU.Build.0 = Debug|Any CPU
		{7F702BEE-BA74-0D35-D4AE-1C2A5258A3B8}.Release|Any CPU.ActiveCfg = Release|Any CPU
		{7F702BEE-BA74-0D35-D4AE-1C2A5258A3B8}.Release|Any CPU.Build.0 = Release|Any CPU
		{B4E21F26-5182-531D-9E91-F0D990697845}.Debug|Any CPU.ActiveCfg = Debug|Any CPU
		{B4E21F26-5182-531D-9E91-F0D990697845}.Debug|Any CPU.Build.0 = Debug|Any CPU
		{B4E21F26-5182-531D-9E91-F0D990697845}.Release|Any CPU.ActiveCfg = Release|Any CPU
		{B4E21F26-5182-531D-9E91-F0D990697845}.Release|Any CPU.Build.0 = Release|Any CPU
		{DDFE7B7C-ED47-A8ED-2744-384D89433C33}.Debug|Any CPU.ActiveCfg = Debug|Any CPU
		{DDFE7B7C-ED47-A8ED-2744-384D89433C33}.Debug|Any CPU.Build.0 = Debug|Any CPU
		{DDFE7B7C-ED47-A8ED-2744-384D89433C33}.Release|Any CPU.ActiveCfg = Release|Any CPU
		{DDFE7B7C-ED47-A8ED-2744-384D89433C33}.Release|Any CPU.Build.0 = Release|Any CPU
	EndGlobalSection
	GlobalSection(SolutionProperties) = preSolution
		HideSolutionNode = FALSE
	EndGlobalSection
	GlobalSection(MonoDevelopProperties) = preSolution
		StartupItem = Assembly-CSharp.csproj
	EndGlobalSection
EndGlobal
